
Microsoft Visual Studio Solution File, Format Version 12.00
# Visual Studio Version 17
VisualStudioVersion = 17.3.32825.248
MinimumVisualStudioVersion = 10.0.40219.1
Project("{FAE04EC0-301F-11D3-BF4B-00C04F79EFBC}") = "StringBuilderArray", "Src\StringBuilderArray\StringBuilderArray.csproj", "{299F841C-87D1-4B54-9C58-FAE775F0BC54}"
EndProject
Project("{FAE04EC0-301F-11D3-BF4B-00C04F79EFBC}") = "Benchmark", "Src\Benchmark\Benchmark.csproj", "{4FD0FE00-B6ED-4E88-9CDB-4018108C59D3}"
EndProject
Global
	GlobalSection(SolutionConfigurationPlatforms) = preSolution
		Debug|Any CPU = Debug|Any CPU
		Release|Any CPU = Release|Any CPU
	EndGlobalSection
	GlobalSection(ProjectConfigurationPlatforms) = postSolution
		{299F841C-87D1-4B54-9C58-FAE775F0BC54}.Debug|Any CPU.ActiveCfg = Debug|Any CPU
		{299F841C-87D1-4B54-9C58-FAE775F0BC54}.Debug|Any CPU.Build.0 = Debug|Any CPU
		{299F841C-87D1-4B54-9C58-FAE775F0BC54}.Release|Any CPU.ActiveCfg = Release|Any CPU
		{299F841C-87D1-4B54-9C58-FAE775F0BC54}.Release|Any CPU.Build.0 = Release|Any CPU
		{4FD0FE00-B6ED-4E88-9CDB-4018108C59D3}.Debug|Any CPU.ActiveCfg = Debug|Any CPU
		{4FD0FE00-B6ED-4E88-9CDB-4018108C59D3}.Debug|Any CPU.Build.0 = Debug|Any CPU
		{4FD0FE00-B6ED-4E88-9CDB-4018108C59D3}.Release|Any CPU.ActiveCfg = Release|Any CPU
		{4FD0FE00-B6ED-4E88-9CDB-4018108C59D3}.Release|Any CPU.Build.0 = Release|Any CPU
	EndGlobalSection
	GlobalSection(SolutionProperties) = preSolution
		HideSolutionNode = FALSE
	EndGlobalSection
	GlobalSection(ExtensibilityGlobals) = postSolution
		SolutionGuid = {06B5D1A1-4F68-4B0E-96A3-E7CA53976658}
	EndGlobalSection
EndGlobal
